
Microsoft Visual Studio Solution File, Format Version 12.00
# Visual Studio 15
Project("{FAE04EC0-301F-11D3-BF4B-00C04F79EFBC}") = "Assembly-CSharp-firstpass", "Assembly-CSharp-firstpass.csproj", "{2E381736-3460-35F8-EF52-F1A182181897}"
EndProject
Project("{FAE04EC0-301F-11D3-BF4B-00C04F79EFBC}") = "Assembly-CSharp", "Assembly-CSharp.csproj", "{42D3650E-9DB7-EF9D-E08F-25DA772DD302}"
EndProject
Global
	GlobalSection(SolutionConfigurationPlatforms) = preSolution
		Debug|Any CPU = Debug|Any CPU
		Release|Any CPU = Release|Any CPU
	EndGlobalSection
	GlobalSection(ProjectConfigurationPlatforms) = postSolution
		{2E381736-3460-35F8-EF52-F1A182181897}.Debug|Any CPU.ActiveCfg = Debug|Any CPU
		{2E381736-3460-35F8-EF52-F1A182181897}.Debug|Any CPU.Build.0 = Debug|Any CPU
		{2E381736-3460-35F8-EF52-F1A182181897}.Release|Any CPU.ActiveCfg = Release|Any CPU
		{2E381736-3460-35F8-EF52-F1A182181897}.Release|Any CPU.Build.0 = Release|Any CPU
		{42D3650E-9DB7-EF9D-E08F-25DA772DD302}.Debug|Any CPU.ActiveCfg = Debug|Any CPU
		{42D3650E-9DB7-EF9D-E08F-25DA772DD302}.Debug|Any CPU.Build.0 = Debug|Any CPU
		{42D3650E-9DB7-EF9D-E08F-25DA772DD302}.Release|Any CPU.ActiveCfg = Release|Any CPU
		{42D3650E-9DB7-EF9D-E08F-25DA772DD302}.Release|Any CPU.Build.0 = Release|Any CPU
	EndGlobalSection
	GlobalSection(SolutionProperties) = preSolution
		HideSolutionNode = FALSE
	EndGlobalSection
EndGlobal
